// !$*UTF8*$!
{
	archiveVersion = 1;
	classes = {
	};
	objectVersion = 56;
	objects = {

/* Begin PBXBuildFile section */
		027A508829445EEB00E302BE /* AdventOfCode22App.swift in Sources */ = {isa = PBXBuildFile; fileRef = 027A508729445EEB00E302BE /* AdventOfCode22App.swift */; };
		027A508A29445EEB00E302BE /* ContentView.swift in Sources */ = {isa = PBXBuildFile; fileRef = 027A508929445EEB00E302BE /* ContentView.swift */; };
		027A508C29445EEE00E302BE /* Assets.xcassets in Resources */ = {isa = PBXBuildFile; fileRef = 027A508B29445EEE00E302BE /* Assets.xcassets */; };
		027A508F29445EEE00E302BE /* Preview Assets.xcassets in Resources */ = {isa = PBXBuildFile; fileRef = 027A508E29445EEE00E302BE /* Preview Assets.xcassets */; };
		027A509929445EEE00E302BE /* AdventOfCode22Tests.swift in Sources */ = {isa = PBXBuildFile; fileRef = 027A509829445EEE00E302BE /* AdventOfCode22Tests.swift */; };
		027A50A329445EEE00E302BE /* AdventOfCode22UITests.swift in Sources */ = {isa = PBXBuildFile; fileRef = 027A50A229445EEE00E302BE /* AdventOfCode22UITests.swift */; };
		027A50A529445EEE00E302BE /* AdventOfCode22UITestsLaunchTests.swift in Sources */ = {isa = PBXBuildFile; fileRef = 027A50A429445EEE00E302BE /* AdventOfCode22UITestsLaunchTests.swift */; };
		027A50B32944601C00E302BE /* Elf.swift in Sources */ = {isa = PBXBuildFile; fileRef = 027A50B22944601C00E302BE /* Elf.swift */; };
		027A50B52944606300E302BE /* Food.swift in Sources */ = {isa = PBXBuildFile; fileRef = 027A50B42944606300E302BE /* Food.swift */; };
		027A50B8294461A200E302BE /* ElfCellView.swift in Sources */ = {isa = PBXBuildFile; fileRef = 027A50B7294461A200E302BE /* ElfCellView.swift */; };
		027A50BA294463B000E302BE /* ElfListView.swift in Sources */ = {isa = PBXBuildFile; fileRef = 027A50B9294463B000E302BE /* ElfListView.swift */; };
		027A50BC294464A400E302BE /* ElfDetailView.swift in Sources */ = {isa = PBXBuildFile; fileRef = 027A50BB294464A400E302BE /* ElfDetailView.swift */; };
		027A50BF29446B5400E302BE /* elf_food in Resources */ = {isa = PBXBuildFile; fileRef = 027A50BE29446B5400E302BE /* elf_food */; };
		027A50C229446BA600E302BE /* InputReaderClient.swift in Sources */ = {isa = PBXBuildFile; fileRef = 027A50C129446BA600E302BE /* InputReaderClient.swift */; };
		027A50C4295CC5C700E302BE /* strategy_guide in Resources */ = {isa = PBXBuildFile; fileRef = 027A50C3295CC5C700E302BE /* strategy_guide */; };
		027A50C6295CC5EE00E302BE /* RockPaperScissors.swift in Sources */ = {isa = PBXBuildFile; fileRef = 027A50C5295CC5EE00E302BE /* RockPaperScissors.swift */; };
		027A50C8295CD15500E302BE /* RockPaperScissorsView.swift in Sources */ = {isa = PBXBuildFile; fileRef = 027A50C7295CD15500E302BE /* RockPaperScissorsView.swift */; };
/* End PBXBuildFile section */

/* Begin PBXContainerItemProxy section */
		027A509529445EEE00E302BE /* PBXContainerItemProxy */ = {
			isa = PBXContainerItemProxy;
			containerPortal = 027A507C29445EEB00E302BE /* Project object */;
			proxyType = 1;
			remoteGlobalIDString = 027A508329445EEB00E302BE;
			remoteInfo = AdventOfCode22;
		};
		027A509F29445EEE00E302BE /* PBXContainerItemProxy */ = {
			isa = PBXContainerItemProxy;
			containerPortal = 027A507C29445EEB00E302BE /* Project object */;
			proxyType = 1;
			remoteGlobalIDString = 027A508329445EEB00E302BE;
			remoteInfo = AdventOfCode22;
		};
/* End PBXContainerItemProxy section */

/* Begin PBXFileReference section */
		027A508429445EEB00E302BE /* AdventOfCode22.app */ = {isa = PBXFileReference; explicitFileType = wrapper.application; includeInIndex = 0; path = AdventOfCode22.app; sourceTree = BUILT_PRODUCTS_DIR; };
		027A508729445EEB00E302BE /* AdventOfCode22App.swift */ = {isa = PBXFileReference; lastKnownFileType = sourcecode.swift; path = AdventOfCode22App.swift; sourceTree = "<group>"; };
		027A508929445EEB00E302BE /* ContentView.swift */ = {isa = PBXFileReference; lastKnownFileType = sourcecode.swift; path = ContentView.swift; sourceTree = "<group>"; };
		027A508B29445EEE00E302BE /* Assets.xcassets */ = {isa = PBXFileReference; lastKnownFileType = folder.assetcatalog; path = Assets.xcassets; sourceTree = "<group>"; };
		027A508E29445EEE00E302BE /* Preview Assets.xcassets */ = {isa = PBXFileReference; lastKnownFileType = folder.assetcatalog; path = "Preview Assets.xcassets"; sourceTree = "<group>"; };
		027A509429445EEE00E302BE /* AdventOfCode22Tests.xctest */ = {isa = PBXFileReference; explicitFileType = wrapper.cfbundle; includeInIndex = 0; path = AdventOfCode22Tests.xctest; sourceTree = BUILT_PRODUCTS_DIR; };
		027A509829445EEE00E302BE /* AdventOfCode22Tests.swift */ = {isa = PBXFileReference; lastKnownFileType = sourcecode.swift; path = AdventOfCode22Tests.swift; sourceTree = "<group>"; };
		027A509E29445EEE00E302BE /* AdventOfCode22UITests.xctest */ = {isa = PBXFileReference; explicitFileType = wrapper.cfbundle; includeInIndex = 0; path = AdventOfCode22UITests.xctest; sourceTree = BUILT_PRODUCTS_DIR; };
		027A50A229445EEE00E302BE /* AdventOfCode22UITests.swift */ = {isa = PBXFileReference; lastKnownFileType = sourcecode.swift; path = AdventOfCode22UITests.swift; sourceTree = "<group>"; };
		027A50A429445EEE00E302BE /* AdventOfCode22UITestsLaunchTests.swift */ = {isa = PBXFileReference; lastKnownFileType = sourcecode.swift; path = AdventOfCode22UITestsLaunchTests.swift; sourceTree = "<group>"; };
		027A50B22944601C00E302BE /* Elf.swift */ = {isa = PBXFileReference; lastKnownFileType = sourcecode.swift; path = Elf.swift; sourceTree = "<group>"; };
		027A50B42944606300E302BE /* Food.swift */ = {isa = PBXFileReference; lastKnownFileType = sourcecode.swift; path = Food.swift; sourceTree = "<group>"; };
		027A50B7294461A200E302BE /* ElfCellView.swift */ = {isa = PBXFileReference; lastKnownFileType = sourcecode.swift; path = ElfCellView.swift; sourceTree = "<group>"; };
		027A50B9294463B000E302BE /* ElfListView.swift */ = {isa = PBXFileReference; lastKnownFileType = sourcecode.swift; path = ElfListView.swift; sourceTree = "<group>"; };
		027A50BB294464A400E302BE /* ElfDetailView.swift */ = {isa = PBXFileReference; lastKnownFileType = sourcecode.swift; path = ElfDetailView.swift; sourceTree = "<group>"; };
		027A50BE29446B5400E302BE /* elf_food */ = {isa = PBXFileReference; lastKnownFileType = text; name = elf_food; path = AdventOfCode22/Resources/elf_food; sourceTree = SOURCE_ROOT; };
		027A50C129446BA600E302BE /* InputReaderClient.swift */ = {isa = PBXFileReference; lastKnownFileType = sourcecode.swift; name = InputReaderClient.swift; path = AdventOfCode22/Client/InputReaderClient.swift; sourceTree = SOURCE_ROOT; };
		027A50C3295CC5C700E302BE /* strategy_guide */ = {isa = PBXFileReference; lastKnownFileType = text; path = strategy_guide; sourceTree = "<group>"; };
		027A50C5295CC5EE00E302BE /* RockPaperScissors.swift */ = {isa = PBXFileReference; lastKnownFileType = sourcecode.swift; path = RockPaperScissors.swift; sourceTree = "<group>"; };
		027A50C7295CD15500E302BE /* RockPaperScissorsView.swift */ = {isa = PBXFileReference; lastKnownFileType = sourcecode.swift; path = RockPaperScissorsView.swift; sourceTree = "<group>"; };
/* End PBXFileReference section */

/* Begin PBXFrameworksBuildPhase section */
		027A508129445EEB00E302BE /* Frameworks */ = {
			isa = PBXFrameworksBuildPhase;
			buildActionMask = 2147483647;
			files = (
			);
			runOnlyForDeploymentPostprocessing = 0;
		};
		027A509129445EEE00E302BE /* Frameworks */ = {
			isa = PBXFrameworksBuildPhase;
			buildActionMask = 2147483647;
			files = (
			);
			runOnlyForDeploymentPostprocessing = 0;
		};
		027A509B29445EEE00E302BE /* Frameworks */ = {
			isa = PBXFrameworksBuildPhase;
			buildActionMask = 2147483647;
			files = (
			);
			runOnlyForDeploymentPostprocessing = 0;
		};
/* End PBXFrameworksBuildPhase section */

/* Begin PBXGroup section */
		027A507B29445EEB00E302BE = {
			isa = PBXGroup;
			children = (
				027A508629445EEB00E302BE /* AdventOfCode22 */,
				027A509729445EEE00E302BE /* AdventOfCode22Tests */,
				027A50A129445EEE00E302BE /* AdventOfCode22UITests */,
				027A508529445EEB00E302BE /* Products */,
			);
			sourceTree = "<group>";
		};
		027A508529445EEB00E302BE /* Products */ = {
			isa = PBXGroup;
			children = (
				027A508429445EEB00E302BE /* AdventOfCode22.app */,
				027A509429445EEE00E302BE /* AdventOfCode22Tests.xctest */,
				027A509E29445EEE00E302BE /* AdventOfCode22UITests.xctest */,
			);
			name = Products;
			sourceTree = "<group>";
		};
		027A508629445EEB00E302BE /* AdventOfCode22 */ = {
			isa = PBXGroup;
			children = (
				027A50C029446B8A00E302BE /* Client */,
				027A50BD29446B2D00E302BE /* Resources */,
				027A50B62944618500E302BE /* View */,
				027A50B129445FED00E302BE /* Model */,
				027A508729445EEB00E302BE /* AdventOfCode22App.swift */,
				027A508929445EEB00E302BE /* ContentView.swift */,
				027A508B29445EEE00E302BE /* Assets.xcassets */,
				027A508D29445EEE00E302BE /* Preview Content */,
			);
			path = AdventOfCode22;
			sourceTree = "<group>";
		};
		027A508D29445EEE00E302BE /* Preview Content */ = {
			isa = PBXGroup;
			children = (
				027A508E29445EEE00E302BE /* Preview Assets.xcassets */,
			);
			path = "Preview Content";
			sourceTree = "<group>";
		};
		027A509729445EEE00E302BE /* AdventOfCode22Tests */ = {
			isa = PBXGroup;
			children = (
				027A509829445EEE00E302BE /* AdventOfCode22Tests.swift */,
			);
			path = AdventOfCode22Tests;
			sourceTree = "<group>";
		};
		027A50A129445EEE00E302BE /* AdventOfCode22UITests */ = {
			isa = PBXGroup;
			children = (
				027A50A229445EEE00E302BE /* AdventOfCode22UITests.swift */,
				027A50A429445EEE00E302BE /* AdventOfCode22UITestsLaunchTests.swift */,
			);
			path = AdventOfCode22UITests;
			sourceTree = "<group>";
		};
		027A50B129445FED00E302BE /* Model */ = {
			isa = PBXGroup;
			children = (
				027A50B22944601C00E302BE /* Elf.swift */,
				027A50B42944606300E302BE /* Food.swift */,
				027A50C5295CC5EE00E302BE /* RockPaperScissors.swift */,
			);
			path = Model;
			sourceTree = "<group>";
		};
		027A50B62944618500E302BE /* View */ = {
			isa = PBXGroup;
			children = (
				027A50B7294461A200E302BE /* ElfCellView.swift */,
				027A50B9294463B000E302BE /* ElfListView.swift */,
				027A50BB294464A400E302BE /* ElfDetailView.swift */,
				027A50C7295CD15500E302BE /* RockPaperScissorsView.swift */,
			);
			path = View;
			sourceTree = "<group>";
		};
		027A50BD29446B2D00E302BE /* Resources */ = {
			isa = PBXGroup;
			children = (
				027A50BE29446B5400E302BE /* elf_food */,
				027A50C3295CC5C700E302BE /* strategy_guide */,
			);
			path = Resources;
			sourceTree = "<group>";
		};
		027A50C029446B8A00E302BE /* Client */ = {
			isa = PBXGroup;
			children = (
				027A50C129446BA600E302BE /* InputReaderClient.swift */,
			);
			path = Client;
			sourceTree = "<group>";
		};
/* End PBXGroup section */

/* Begin PBXNativeTarget section */
		027A508329445EEB00E302BE /* AdventOfCode22 */ = {
			isa = PBXNativeTarget;
			buildConfigurationList = 027A50A829445EEE00E302BE /* Build configuration list for PBXNativeTarget "AdventOfCode22" */;
			buildPhases = (
				027A508029445EEB00E302BE /* Sources */,
				027A508129445EEB00E302BE /* Frameworks */,
				027A508229445EEB00E302BE /* Resources */,
			);
			buildRules = (
			);
			dependencies = (
			);
			name = AdventOfCode22;
			productName = AdventOfCode22;
			productReference = 027A508429445EEB00E302BE /* AdventOfCode22.app */;
			productType = "com.apple.product-type.application";
		};
		027A509329445EEE00E302BE /* AdventOfCode22Tests */ = {
			isa = PBXNativeTarget;
			buildConfigurationList = 027A50AB29445EEE00E302BE /* Build configuration list for PBXNativeTarget "AdventOfCode22Tests" */;
			buildPhases = (
				027A509029445EEE00E302BE /* Sources */,
				027A509129445EEE00E302BE /* Frameworks */,
				027A509229445EEE00E302BE /* Resources */,
			);
			buildRules = (
			);
			dependencies = (
				027A509629445EEE00E302BE /* PBXTargetDependency */,
			);
			name = AdventOfCode22Tests;
			productName = AdventOfCode22Tests;
			productReference = 027A509429445EEE00E302BE /* AdventOfCode22Tests.xctest */;
			productType = "com.apple.product-type.bundle.unit-test";
		};
		027A509D29445EEE00E302BE /* AdventOfCode22UITests */ = {
			isa = PBXNativeTarget;
			buildConfigurationList = 027A50AE29445EEE00E302BE /* Build configuration list for PBXNativeTarget "AdventOfCode22UITests" */;
			buildPhases = (
				027A509A29445EEE00E302BE /* Sources */,
				027A509B29445EEE00E302BE /* Frameworks */,
				027A509C29445EEE00E302BE /* Resources */,
			);
			buildRules = (
			);
			dependencies = (
				027A50A029445EEE00E302BE /* PBXTargetDependency */,
			);
			name = AdventOfCode22UITests;
			productName = AdventOfCode22UITests;
			productReference = 027A509E29445EEE00E302BE /* AdventOfCode22UITests.xctest */;
			productType = "com.apple.product-type.bundle.ui-testing";
		};
/* End PBXNativeTarget section */

/* Begin PBXProject section */
		027A507C29445EEB00E302BE /* Project object */ = {
			isa = PBXProject;
			attributes = {
				BuildIndependentTargetsInParallel = 1;
				LastSwiftUpdateCheck = 1410;
				LastUpgradeCheck = 1410;
				TargetAttributes = {
					027A508329445EEB00E302BE = {
						CreatedOnToolsVersion = 14.1;
					};
					027A509329445EEE00E302BE = {
						CreatedOnToolsVersion = 14.1;
						TestTargetID = 027A508329445EEB00E302BE;
					};
					027A509D29445EEE00E302BE = {
						CreatedOnToolsVersion = 14.1;
						TestTargetID = 027A508329445EEB00E302BE;
					};
				};
			};
			buildConfigurationList = 027A507F29445EEB00E302BE /* Build configuration list for PBXProject "AdventOfCode22" */;
			compatibilityVersion = "Xcode 14.0";
			developmentRegion = en;
			hasScannedForEncodings = 0;
			knownRegions = (
				en,
				Base,
			);
			mainGroup = 027A507B29445EEB00E302BE;
			productRefGroup = 027A508529445EEB00E302BE /* Products */;
			projectDirPath = "";
			projectRoot = "";
			targets = (
				027A508329445EEB00E302BE /* AdventOfCode22 */,
				027A509329445EEE00E302BE /* AdventOfCode22Tests */,
				027A509D29445EEE00E302BE /* AdventOfCode22UITests */,
			);
		};
/* End PBXProject section */

/* Begin PBXResourcesBuildPhase section */
		027A508229445EEB00E302BE /* Resources */ = {
			isa = PBXResourcesBuildPhase;
			buildActionMask = 2147483647;
			files = (
				027A50BF29446B5400E302BE /* elf_food in Resources */,
				027A508F29445EEE00E302BE /* Preview Assets.xcassets in Resources */,
				027A50C4295CC5C700E302BE /* strategy_guide in Resources */,
				027A508C29445EEE00E302BE /* Assets.xcassets in Resources */,
			);
			runOnlyForDeploymentPostprocessing = 0;
		};
		027A509229445EEE00E302BE /* Resources */ = {
			isa = PBXResourcesBuildPhase;
			buildActionMask = 2147483647;
			files = (
			);
			runOnlyForDeploymentPostprocessing = 0;
		};
		027A509C29445EEE00E302BE /* Resources */ = {
			isa = PBXResourcesBuildPhase;
			buildActionMask = 2147483647;
			files = (
			);
			runOnlyForDeploymentPostprocessing = 0;
		};
/* End PBXResourcesBuildPhase section */

/* Begin PBXSourcesBuildPhase section */
		027A508029445EEB00E302BE /* Sources */ = {
			isa = PBXSourcesBuildPhase;
			buildActionMask = 2147483647;
			files = (
				027A50BA294463B000E302BE /* ElfListView.swift in Sources */,
				027A50C8295CD15500E302BE /* RockPaperScissorsView.swift in Sources */,
				027A50B32944601C00E302BE /* Elf.swift in Sources */,
				027A50B8294461A200E302BE /* ElfCellView.swift in Sources */,
				027A50BC294464A400E302BE /* ElfDetailView.swift in Sources */,
				027A50C229446BA600E302BE /* InputReaderClient.swift in Sources */,
				027A50C6295CC5EE00E302BE /* RockPaperScissors.swift in Sources */,
				027A50B52944606300E302BE /* Food.swift in Sources */,
				027A508A29445EEB00E302BE /* ContentView.swift in Sources */,
				027A508829445EEB00E302BE /* AdventOfCode22App.swift in Sources */,
			);
			runOnlyForDeploymentPostprocessing = 0;
		};
		027A509029445EEE00E302BE /* Sources */ = {
			isa = PBXSourcesBuildPhase;
			buildActionMask = 2147483647;
			files = (
				027A509929445EEE00E302BE /* AdventOfCode22Tests.swift in Sources */,
			);
			runOnlyForDeploymentPostprocessing = 0;
		};
		027A509A29445EEE00E302BE /* Sources */ = {
			isa = PBXSourcesBuildPhase;
			buildActionMask = 2147483647;
			files = (
				027A50A529445EEE00E302BE /* AdventOfCode22UITestsLaunchTests.swift in Sources */,
				027A50A329445EEE00E302BE /* AdventOfCode22UITests.swift in Sources */,
			);
			runOnlyForDeploymentPostprocessing = 0;
		};
/* End PBXSourcesBuildPhase section */

/* Begin PBXTargetDependency section */
		027A509629445EEE00E302BE /* PBXTargetDependency */ = {
			isa = PBXTargetDependency;
			target = 027A508329445EEB00E302BE /* AdventOfCode22 */;
			targetProxy = 027A509529445EEE00E302BE /* PBXContainerItemProxy */;
		};
		027A50A029445EEE00E302BE /* PBXTargetDependency */ = {
			isa = PBXTargetDependency;
			target = 027A508329445EEB00E302BE /* AdventOfCode22 */;
			targetProxy = 027A509F29445EEE00E302BE /* PBXContainerItemProxy */;
		};
/* End PBXTargetDependency section */

/* Begin XCBuildConfiguration section */
		027A50A629445EEE00E302BE /* Debug */ = {
			isa = XCBuildConfiguration;
			buildSettings = {
				ALWAYS_SEARCH_USER_PATHS = NO;
				CLANG_ANALYZER_NONNULL = YES;
				CLANG_ANALYZER_NUMBER_OBJECT_CONVERSION = YES_AGGRESSIVE;
				CLANG_CXX_LANGUAGE_STANDARD = "gnu++20";
				CLANG_ENABLE_MODULES = YES;
				CLANG_ENABLE_OBJC_ARC = YES;
				CLANG_ENABLE_OBJC_WEAK = YES;
				CLANG_WARN_BLOCK_CAPTURE_AUTORELEASING = YES;
				CLANG_WARN_BOOL_CONVERSION = YES;
				CLANG_WARN_COMMA = YES;
				CLANG_WARN_CONSTANT_CONVERSION = YES;
				CLANG_WARN_DEPRECATED_OBJC_IMPLEMENTATIONS = YES;
				CLANG_WARN_DIRECT_OBJC_ISA_USAGE = YES_ERROR;
				CLANG_WARN_DOCUMENTATION_COMMENTS = YES;
				CLANG_WARN_EMPTY_BODY = YES;
				CLANG_WARN_ENUM_CONVERSION = YES;
				CLANG_WARN_INFINITE_RECURSION = YES;
				CLANG_WARN_INT_CONVERSION = YES;
				CLANG_WARN_NON_LITERAL_NULL_CONVERSION = YES;
				CLANG_WARN_OBJC_IMPLICIT_RETAIN_SELF = YES;
				CLANG_WARN_OBJC_LITERAL_CONVERSION = YES;
				CLANG_WARN_OBJC_ROOT_CLASS = YES_ERROR;
				CLANG_WARN_QUOTED_INCLUDE_IN_FRAMEWORK_HEADER = YES;
				CLANG_WARN_RANGE_LOOP_ANALYSIS = YES;
				CLANG_WARN_STRICT_PROTOTYPES = YES;
				CLANG_WARN_SUSPICIOUS_MOVE = YES;
				CLANG_WARN_UNGUARDED_AVAILABILITY = YES_AGGRESSIVE;
				CLANG_WARN_UNREACHABLE_CODE = YES;
				CLANG_WARN__DUPLICATE_METHOD_MATCH = YES;
				COPY_PHASE_STRIP = NO;
				DEBUG_INFORMATION_FORMAT = dwarf;
				ENABLE_STRICT_OBJC_MSGSEND = YES;
				ENABLE_TESTABILITY = YES;
				GCC_C_LANGUAGE_STANDARD = gnu11;
				GCC_DYNAMIC_NO_PIC = NO;
				GCC_NO_COMMON_BLOCKS = YES;
				GCC_OPTIMIZATION_LEVEL = 0;
				GCC_PREPROCESSOR_DEFINITIONS = (
					"DEBUG=1",
					"$(inherited)",
				);
				GCC_WARN_64_TO_32_BIT_CONVERSION = YES;
				GCC_WARN_ABOUT_RETURN_TYPE = YES_ERROR;
				GCC_WARN_UNDECLARED_SELECTOR = YES;
				GCC_WARN_UNINITIALIZED_AUTOS = YES_AGGRESSIVE;
				GCC_WARN_UNUSED_FUNCTION = YES;
				GCC_WARN_UNUSED_VARIABLE = YES;
				IPHONEOS_DEPLOYMENT_TARGET = 16.1;
				MTL_ENABLE_DEBUG_INFO = INCLUDE_SOURCE;
				MTL_FAST_MATH = YES;
				ONLY_ACTIVE_ARCH = YES;
				SDKROOT = iphoneos;
				SWIFT_ACTIVE_COMPILATION_CONDITIONS = DEBUG;
				SWIFT_OPTIMIZATION_LEVEL = "-Onone";
			};
			name = Debug;
		};
		027A50A729445EEE00E302BE /* Release */ = {
			isa = XCBuildConfiguration;
			buildSettings = {
				ALWAYS_SEARCH_USER_PATHS = NO;
				CLANG_ANALYZER_NONNULL = YES;
				CLANG_ANALYZER_NUMBER_OBJECT_CONVERSION = YES_AGGRESSIVE;
				CLANG_CXX_LANGUAGE_STANDARD = "gnu++20";
				CLANG_ENABLE_MODULES = YES;
				CLANG_ENABLE_OBJC_ARC = YES;
				CLANG_ENABLE_OBJC_WEAK = YES;
				CLANG_WARN_BLOCK_CAPTURE_AUTORELEASING = YES;
				CLANG_WARN_BOOL_CONVERSION = YES;
				CLANG_WARN_COMMA = YES;
				CLANG_WARN_CONSTANT_CONVERSION = YES;
				CLANG_WARN_DEPRECATED_OBJC_IMPLEMENTATIONS = YES;
				CLANG_WARN_DIRECT_OBJC_ISA_USAGE = YES_ERROR;
				CLANG_WARN_DOCUMENTATION_COMMENTS = YES;
				CLANG_WARN_EMPTY_BODY = YES;
				CLANG_WARN_ENUM_CONVERSION = YES;
				CLANG_WARN_INFINITE_RECURSION = YES;
				CLANG_WARN_INT_CONVERSION = YES;
				CLANG_WARN_NON_LITERAL_NULL_CONVERSION = YES;
				CLANG_WARN_OBJC_IMPLICIT_RETAIN_SELF = YES;
				CLANG_WARN_OBJC_LITERAL_CONVERSION = YES;
				CLANG_WARN_OBJC_ROOT_CLASS = YES_ERROR;
				CLANG_WARN_QUOTED_INCLUDE_IN_FRAMEWORK_HEADER = YES;
				CLANG_WARN_RANGE_LOOP_ANALYSIS = YES;
				CLANG_WARN_STRICT_PROTOTYPES = YES;
				CLANG_WARN_SUSPICIOUS_MOVE = YES;
				CLANG_WARN_UNGUARDED_AVAILABILITY = YES_AGGRESSIVE;
				CLANG_WARN_UNREACHABLE_CODE = YES;
				CLANG_WARN__DUPLICATE_METHOD_MATCH = YES;
				COPY_PHASE_STRIP = NO;
				DEBUG_INFORMATION_FORMAT = "dwarf-with-dsym";
				ENABLE_NS_ASSERTIONS = NO;
				ENABLE_STRICT_OBJC_MSGSEND = YES;
				GCC_C_LANGUAGE_STANDARD = gnu11;
				GCC_NO_COMMON_BLOCKS = YES;
				GCC_WARN_64_TO_32_BIT_CONVERSION = YES;
				GCC_WARN_ABOUT_RETURN_TYPE = YES_ERROR;
				GCC_WARN_UNDECLARED_SELECTOR = YES;
				GCC_WARN_UNINITIALIZED_AUTOS = YES_AGGRESSIVE;
				GCC_WARN_UNUSED_FUNCTION = YES;
				GCC_WARN_UNUSED_VARIABLE = YES;
				IPHONEOS_DEPLOYMENT_TARGET = 16.1;
				MTL_ENABLE_DEBUG_INFO = NO;
				MTL_FAST_MATH = YES;
				SDKROOT = iphoneos;
				SWIFT_COMPILATION_MODE = wholemodule;
				SWIFT_OPTIMIZATION_LEVEL = "-O";
				VALIDATE_PRODUCT = YES;
			};
			name = Release;
		};
		027A50A929445EEE00E302BE /* Debug */ = {
			isa = XCBuildConfiguration;
			buildSettings = {
				ASSETCATALOG_COMPILER_APPICON_NAME = AppIcon;
				ASSETCATALOG_COMPILER_GLOBAL_ACCENT_COLOR_NAME = AccentColor;
				CODE_SIGN_STYLE = Automatic;
				CURRENT_PROJECT_VERSION = 1;
				DEVELOPMENT_ASSET_PATHS = "\"AdventOfCode22/Preview Content\"";
				DEVELOPMENT_TEAM = Z6L4HT99JB;
				ENABLE_PREVIEWS = YES;
				GENERATE_INFOPLIST_FILE = YES;
				INFOPLIST_KEY_UIApplicationSceneManifest_Generation = YES;
				INFOPLIST_KEY_UIApplicationSupportsIndirectInputEvents = YES;
				INFOPLIST_KEY_UILaunchScreen_Generation = YES;
				INFOPLIST_KEY_UISupportedInterfaceOrientations_iPad = "UIInterfaceOrientationPortrait UIInterfaceOrientationPortraitUpsideDown UIInterfaceOrientationLandscapeLeft UIInterfaceOrientationLandscapeRight";
				INFOPLIST_KEY_UISupportedInterfaceOrientations_iPhone = "UIInterfaceOrientationPortrait UIInterfaceOrientationLandscapeLeft UIInterfaceOrientationLandscapeRight";
				LD_RUNPATH_SEARCH_PATHS = (
					"$(inherited)",
					"@executable_path/Frameworks",
				);
				MARKETING_VERSION = 1.0;
				PRODUCT_BUNDLE_IDENTIFIER = Logan.AdventOfCode22;
				PRODUCT_NAME = "$(TARGET_NAME)";
				SWIFT_EMIT_LOC_STRINGS = YES;
				SWIFT_VERSION = 5.0;
				TARGETED_DEVICE_FAMILY = "1,2";
			};
			name = Debug;
		};
		027A50AA29445EEE00E302BE /* Release */ = {
			isa = XCBuildConfiguration;
			buildSettings = {
				ASSETCATALOG_COMPILER_APPICON_NAME = AppIcon;
				ASSETCATALOG_COMPILER_GLOBAL_ACCENT_COLOR_NAME = AccentColor;
				CODE_SIGN_STYLE = Automatic;
				CURRENT_PROJECT_VERSION = 1;
				DEVELOPMENT_ASSET_PATHS = "\"AdventOfCode22/Preview Content\"";
				DEVELOPMENT_TEAM = Z6L4HT99JB;
				ENABLE_PREVIEWS = YES;
				GENERATE_INFOPLIST_FILE = YES;
				INFOPLIST_KEY_UIApplicationSceneManifest_Generation = YES;
				INFOPLIST_KEY_UIApplicationSupportsIndirectInputEvents = YES;
				INFOPLIST_KEY_UILaunchScreen_Generation = YES;
				INFOPLIST_KEY_UISupportedInterfaceOrientations_iPad = "UIInterfaceOrientationPortrait UIInterfaceOrientationPortraitUpsideDown UIInterfaceOrientationLandscapeLeft UIInterfaceOrientationLandscapeRight";
				INFOPLIST_KEY_UISupportedInterfaceOrientations_iPhone = "UIInterfaceOrientationPortrait UIInterfaceOrientationLandscapeLeft UIInterfaceOrientationLandscapeRight";
				LD_RUNPATH_SEARCH_PATHS = (
					"$(inherited)",
					"@executable_path/Frameworks",
				);
				MARKETING_VERSION = 1.0;
				PRODUCT_BUNDLE_IDENTIFIER = Logan.AdventOfCode22;
				PRODUCT_NAME = "$(TARGET_NAME)";
				SWIFT_EMIT_LOC_STRINGS = YES;
				SWIFT_VERSION = 5.0;
				TARGETED_DEVICE_FAMILY = "1,2";
			};
			name = Release;
		};
		027A50AC29445EEE00E302BE /* Debug */ = {
			isa = XCBuildConfiguration;
			buildSettings = {
				ALWAYS_EMBED_SWIFT_STANDARD_LIBRARIES = YES;
				BUNDLE_LOADER = "$(TEST_HOST)";
				CODE_SIGN_STYLE = Automatic;
				CURRENT_PROJECT_VERSION = 1;
				DEVELOPMENT_TEAM = Z6L4HT99JB;
				GENERATE_INFOPLIST_FILE = YES;
				IPHONEOS_DEPLOYMENT_TARGET = 16.1;
				MARKETING_VERSION = 1.0;
				PRODUCT_BUNDLE_IDENTIFIER = Logan.AdventOfCode22Tests;
				PRODUCT_NAME = "$(TARGET_NAME)";
				SWIFT_EMIT_LOC_STRINGS = NO;
				SWIFT_VERSION = 5.0;
				TARGETED_DEVICE_FAMILY = "1,2";
				TEST_HOST = "$(BUILT_PRODUCTS_DIR)/AdventOfCode22.app/$(BUNDLE_EXECUTABLE_FOLDER_PATH)/AdventOfCode22";
			};
			name = Debug;
		};
		027A50AD29445EEE00E302BE /* Release */ = {
			isa = XCBuildConfiguration;
			buildSettings = {
				ALWAYS_EMBED_SWIFT_STANDARD_LIBRARIES = YES;
				BUNDLE_LOADER = "$(TEST_HOST)";
				CODE_SIGN_STYLE = Automatic;
				CURRENT_PROJECT_VERSION = 1;
				DEVELOPMENT_TEAM = Z6L4HT99JB;
				GENERATE_INFOPLIST_FILE = YES;
				IPHONEOS_DEPLOYMENT_TARGET = 16.1;
				MARKETING_VERSION = 1.0;
				PRODUCT_BUNDLE_IDENTIFIER = Logan.AdventOfCode22Tests;
				PRODUCT_NAME = "$(TARGET_NAME)";
				SWIFT_EMIT_LOC_STRINGS = NO;
				SWIFT_VERSION = 5.0;
				TARGETED_DEVICE_FAMILY = "1,2";
				TEST_HOST = "$(BUILT_PRODUCTS_DIR)/AdventOfCode22.app/$(BUNDLE_EXECUTABLE_FOLDER_PATH)/AdventOfCode22";
			};
			name = Release;
		};
		027A50AF29445EEE00E302BE /* Debug */ = {
			isa = XCBuildConfiguration;
			buildSettings = {
				ALWAYS_EMBED_SWIFT_STANDARD_LIBRARIES = YES;
				CODE_SIGN_STYLE = Automatic;
				CURRENT_PROJECT_VERSION = 1;
				DEVELOPMENT_TEAM = Z6L4HT99JB;
				GENERATE_INFOPLIST_FILE = YES;
				MARKETING_VERSION = 1.0;
				PRODUCT_BUNDLE_IDENTIFIER = Logan.AdventOfCode22UITests;
				PRODUCT_NAME = "$(TARGET_NAME)";
				SWIFT_EMIT_LOC_STRINGS = NO;
				SWIFT_VERSION = 5.0;
				TARGETED_DEVICE_FAMILY = "1,2";
				TEST_TARGET_NAME = AdventOfCode22;
			};
			name = Debug;
		};
		027A50B029445EEE00E302BE /* Release */ = {
			isa = XCBuildConfiguration;
			buildSettings = {
				ALWAYS_EMBED_SWIFT_STANDARD_LIBRARIES = YES;
				CODE_SIGN_STYLE = Automatic;
				CURRENT_PROJECT_VERSION = 1;
				DEVELOPMENT_TEAM = Z6L4HT99JB;
				GENERATE_INFOPLIST_FILE = YES;
				MARKETING_VERSION = 1.0;
				PRODUCT_BUNDLE_IDENTIFIER = Logan.AdventOfCode22UITests;
				PRODUCT_NAME = "$(TARGET_NAME)";
				SWIFT_EMIT_LOC_STRINGS = NO;
				SWIFT_VERSION = 5.0;
				TARGETED_DEVICE_FAMILY = "1,2";
				TEST_TARGET_NAME = AdventOfCode22;
			};
			name = Release;
		};
/* End XCBuildConfiguration section */

/* Begin XCConfigurationList section */
		027A507F29445EEB00E302BE /* Build configuration list for PBXProject "AdventOfCode22" */ = {
			isa = XCConfigurationList;
			buildConfigurations = (
				027A50A629445EEE00E302BE /* Debug */,
				027A50A729445EEE00E302BE /* Release */,
			);
			defaultConfigurationIsVisible = 0;
			defaultConfigurationName = Release;
		};
		027A50A829445EEE00E302BE /* Build configuration list for PBXNativeTarget "AdventOfCode22" */ = {
			isa = XCConfigurationList;
			buildConfigurations = (
				027A50A929445EEE00E302BE /* Debug */,
				027A50AA29445EEE00E302BE /* Release */,
			);
			defaultConfigurationIsVisible = 0;
			defaultConfigurationName = Release;
		};
		027A50AB29445EEE00E302BE /* Build configuration list for PBXNativeTarget "AdventOfCode22Tests" */ = {
			isa = XCConfigurationList;
			buildConfigurations = (
				027A50AC29445EEE00E302BE /* Debug */,
				027A50AD29445EEE00E302BE /* Release */,
			);
			defaultConfigurationIsVisible = 0;
			defaultConfigurationName = Release;
		};
		027A50AE29445EEE00E302BE /* Build configuration list for PBXNativeTarget "AdventOfCode22UITests" */ = {
			isa = XCConfigurationList;
			buildConfigurations = (
				027A50AF29445EEE00E302BE /* Debug */,
				027A50B029445EEE00E302BE /* Release */,
			);
			defaultConfigurationIsVisible = 0;
			defaultConfigurationName = Release;
		};
/* End XCConfigurationList section */
	};
	rootObject = 027A507C29445EEB00E302BE /* Project object */;
}
